<?xml version="1.0" encoding="utf-8"?>
<Project ToolsVersion="4.0" xmlns="http://schemas.microsoft.com/developer/msbuild/2003">
  <ItemGroup>
    <ClCompile Include="shared\server.cpp" />
    <ClCompile Include="socketsetup\sock.c" />
    <ClCompile Include="socketsetup\ksock.c" />
    <ClCompile Include="main.cpp" />
    <ClCompile Include="handler.cpp" />
    <ClCompile Include="mem\utils.cpp" />
    <ClCompile Include="cacheclean\cacheclean.cpp" />
  </ItemGroup>
  <ItemGroup>
    <ClInclude Include="shared\shared.h" />
    <ClInclude Include="sockets.h" />
    <ClInclude Include="stdint.h" />
    <ClInclude Include="socketsetup\sock.h" />
    <ClInclude Include="socketsetup\ksock.h" />
    <ClInclude Include="misc\windows_import.h" />
    <ClInclude Include="misc\log.h" />
    <ClInclude Include="misc\spoofs.h" />
    <ClInclude Include="mem\utils.h" />
    <ClInclude Include="cacheclean\cacheclean.h" />
  </ItemGroup>
</Project>